// !$*UTF8*$!
{
	archiveVersion = 1;
	classes = {
	};
	objectVersion = 46;
	objects = {

/* Begin PBXBuildFile section */
		2B1D72F1130F50B14736FF8B /* libPods-JSLocalURLCacheDemo.a in Frameworks */ = {isa = PBXBuildFile; fileRef = 0903C1372BB775CD3FF02F82 /* libPods-JSLocalURLCacheDemo.a */; };
		3D6AFBC71BBA78D000F33FFF /* main.m in Sources */ = {isa = PBXBuildFile; fileRef = 3D6AFBC61BBA78D000F33FFF /* main.m */; };
		3D6AFBCA1BBA78D000F33FFF /* AppDelegate.m in Sources */ = {isa = PBXBuildFile; fileRef = 3D6AFBC91BBA78D000F33FFF /* AppDelegate.m */; };
		3D6AFBCD1BBA78D000F33FFF /* ViewController.m in Sources */ = {isa = PBXBuildFile; fileRef = 3D6AFBCC1BBA78D000F33FFF /* ViewController.m */; };
		3D6AFBD01BBA78D000F33FFF /* Main.storyboard in Resources */ = {isa = PBXBuildFile; fileRef = 3D6AFBCE1BBA78D000F33FFF /* Main.storyboard */; };
		3D6AFBD21BBA78D000F33FFF /* Assets.xcassets in Resources */ = {isa = PBXBuildFile; fileRef = 3D6AFBD11BBA78D000F33FFF /* Assets.xcassets */; };
		3D6AFBD51BBA78D000F33FFF /* LaunchScreen.storyboard in Resources */ = {isa = PBXBuildFile; fileRef = 3D6AFBD31BBA78D000F33FFF /* LaunchScreen.storyboard */; };
		3D6AFBE41BBA792600F33FFF /* JSFileManager.m in Sources */ = {isa = PBXBuildFile; fileRef = 3D6AFBDE1BBA792600F33FFF /* JSFileManager.m */; settings = {ASSET_TAGS = (); }; };
		3D6AFBE51BBA792600F33FFF /* JSLocalURLCache.m in Sources */ = {isa = PBXBuildFile; fileRef = 3D6AFBE01BBA792600F33FFF /* JSLocalURLCache.m */; settings = {ASSET_TAGS = (); }; };
		3D6AFBE61BBA792600F33FFF /* JSLocalURLCache.plist in Resources */ = {isa = PBXBuildFile; fileRef = 3D6AFBE11BBA792600F33FFF /* JSLocalURLCache.plist */; settings = {ASSET_TAGS = (); }; };
		3D6AFBE71BBA792600F33FFF /* JSLocalURLCacheUtil.m in Sources */ = {isa = PBXBuildFile; fileRef = 3D6AFBE31BBA792600F33FFF /* JSLocalURLCacheUtil.m */; settings = {ASSET_TAGS = (); }; };
/* End PBXBuildFile section */

/* Begin PBXFileReference section */
		0903C1372BB775CD3FF02F82 /* libPods-JSLocalURLCacheDemo.a */ = {isa = PBXFileReference; explicitFileType = archive.ar; includeInIndex = 0; path = "libPods-JSLocalURLCacheDemo.a"; sourceTree = BUILT_PRODUCTS_DIR; };
		3D6AFBC21BBA78D000F33FFF /* JSLocalURLCacheDemo.app */ = {isa = PBXFileReference; explicitFileType = wrapper.application; includeInIndex = 0; path = JSLocalURLCacheDemo.app; sourceTree = BUILT_PRODUCTS_DIR; };
		3D6AFBC61BBA78D000F33FFF /* main.m */ = {isa = PBXFileReference; lastKnownFileType = sourcecode.c.objc; path = main.m; sourceTree = "<group>"; };
		3D6AFBC81BBA78D000F33FFF /* AppDelegate.h */ = {isa = PBXFileReference; lastKnownFileType = sourcecode.c.h; path = AppDelegate.h; sourceTree = "<group>"; };
		3D6AFBC91BBA78D000F33FFF /* AppDelegate.m */ = {isa = PBXFileReference; lastKnownFileType = sourcecode.c.objc; path = AppDelegate.m; sourceTree = "<group>"; };
		3D6AFBCB1BBA78D000F33FFF /* ViewController.h */ = {isa = PBXFileReference; lastKnownFileType = sourcecode.c.h; path = ViewController.h; sourceTree = "<group>"; };
		3D6AFBCC1BBA78D000F33FFF /* ViewController.m */ = {isa = PBXFileReference; lastKnownFileType = sourcecode.c.objc; path = ViewController.m; sourceTree = "<group>"; };
		3D6AFBCF1BBA78D000F33FFF /* Base */ = {isa = PBXFileReference; lastKnownFileType = file.storyboard; name = Base; path = Base.lproj/Main.storyboard; sourceTree = "<group>"; };
		3D6AFBD11BBA78D000F33FFF /* Assets.xcassets */ = {isa = PBXFileReference; lastKnownFileType = folder.assetcatalog; path = Assets.xcassets; sourceTree = "<group>"; };
		3D6AFBD41BBA78D000F33FFF /* Base */ = {isa = PBXFileReference; lastKnownFileType = file.storyboard; name = Base; path = Base.lproj/LaunchScreen.storyboard; sourceTree = "<group>"; };
		3D6AFBD61BBA78D100F33FFF /* Info.plist */ = {isa = PBXFileReference; lastKnownFileType = text.plist.xml; path = Info.plist; sourceTree = "<group>"; };
		3D6AFBDD1BBA792600F33FFF /* JSFileManager.h */ = {isa = PBXFileReference; fileEncoding = 4; lastKnownFileType = sourcecode.c.h; path = JSFileManager.h; sourceTree = "<group>"; };
		3D6AFBDE1BBA792600F33FFF /* JSFileManager.m */ = {isa = PBXFileReference; fileEncoding = 4; lastKnownFileType = sourcecode.c.objc; path = JSFileManager.m; sourceTree = "<group>"; };
		3D6AFBDF1BBA792600F33FFF /* JSLocalURLCache.h */ = {isa = PBXFileReference; fileEncoding = 4; lastKnownFileType = sourcecode.c.h; path = JSLocalURLCache.h; sourceTree = "<group>"; };
		3D6AFBE01BBA792600F33FFF /* JSLocalURLCache.m */ = {isa = PBXFileReference; fileEncoding = 4; lastKnownFileType = sourcecode.c.objc; path = JSLocalURLCache.m; sourceTree = "<group>"; };
		3D6AFBE11BBA792600F33FFF /* JSLocalURLCache.plist */ = {isa = PBXFileReference; fileEncoding = 4; lastKnownFileType = text.plist.xml; path = JSLocalURLCache.plist; sourceTree = "<group>"; };
		3D6AFBE21BBA792600F33FFF /* JSLocalURLCacheUtil.h */ = {isa = PBXFileReference; fileEncoding = 4; lastKnownFileType = sourcecode.c.h; path = JSLocalURLCacheUtil.h; sourceTree = "<group>"; };
		3D6AFBE31BBA792600F33FFF /* JSLocalURLCacheUtil.m */ = {isa = PBXFileReference; fileEncoding = 4; lastKnownFileType = sourcecode.c.objc; path = JSLocalURLCacheUtil.m; sourceTree = "<group>"; };
		ACAF4866B26B745E508C4683 /* Pods-JSLocalURLCacheDemo.debug.xcconfig */ = {isa = PBXFileReference; includeInIndex = 1; lastKnownFileType = text.xcconfig; name = "Pods-JSLocalURLCacheDemo.debug.xcconfig"; path = "Pods/Target Support Files/Pods-JSLocalURLCacheDemo/Pods-JSLocalURLCacheDemo.debug.xcconfig"; sourceTree = "<group>"; };
		ADED606B11A76A747A856797 /* Pods-JSLocalURLCacheDemo.release.xcconfig */ = {isa = PBXFileReference; includeInIndex = 1; lastKnownFileType = text.xcconfig; name = "Pods-JSLocalURLCacheDemo.release.xcconfig"; path = "Pods/Target Support Files/Pods-JSLocalURLCacheDemo/Pods-JSLocalURLCacheDemo.release.xcconfig"; sourceTree = "<group>"; };
/* End PBXFileReference section */

/* Begin PBXFrameworksBuildPhase section */
		3D6AFBBF1BBA78D000F33FFF /* Frameworks */ = {
			isa = PBXFrameworksBuildPhase;
			buildActionMask = 2147483647;
			files = (
				2B1D72F1130F50B14736FF8B /* libPods-JSLocalURLCacheDemo.a in Frameworks */,
			);
			runOnlyForDeploymentPostprocessing = 0;
		};
/* End PBXFrameworksBuildPhase section */

/* Begin PBXGroup section */
		3D6AFBB91BBA78D000F33FFF = {
			isa = PBXGroup;
			children = (
				3D6AFBC41BBA78D000F33FFF /* JSLocalURLCacheDemo */,
				3D6AFBC31BBA78D000F33FFF /* Products */,
				3F3DCE683C0C17AD36795EC1 /* Pods */,
				A70DC36FE9A97912236F9DBA /* Frameworks */,
			);
			sourceTree = "<group>";
		};
		3D6AFBC31BBA78D000F33FFF /* Products */ = {
			isa = PBXGroup;
			children = (
				3D6AFBC21BBA78D000F33FFF /* JSLocalURLCacheDemo.app */,
			);
			name = Products;
			sourceTree = "<group>";
		};
		3D6AFBC41BBA78D000F33FFF /* JSLocalURLCacheDemo */ = {
			isa = PBXGroup;
			children = (
				3D6AFBDC1BBA792600F33FFF /* JSLocalURLCache */,
				3D6AFBC81BBA78D000F33FFF /* AppDelegate.h */,
				3D6AFBC91BBA78D000F33FFF /* AppDelegate.m */,
				3D6AFBCB1BBA78D000F33FFF /* ViewController.h */,
				3D6AFBCC1BBA78D000F33FFF /* ViewController.m */,
				3D6AFBCE1BBA78D000F33FFF /* Main.storyboard */,
				3D6AFBD11BBA78D000F33FFF /* Assets.xcassets */,
				3D6AFBD31BBA78D000F33FFF /* LaunchScreen.storyboard */,
				3D6AFBD61BBA78D100F33FFF /* Info.plist */,
				3D6AFBC51BBA78D000F33FFF /* Supporting Files */,
			);
			path = JSLocalURLCacheDemo;
			sourceTree = "<group>";
		};
		3D6AFBC51BBA78D000F33FFF /* Supporting Files */ = {
			isa = PBXGroup;
			children = (
				3D6AFBC61BBA78D000F33FFF /* main.m */,
			);
			name = "Supporting Files";
			sourceTree = "<group>";
		};
		3D6AFBDC1BBA792600F33FFF /* JSLocalURLCache */ = {
			isa = PBXGroup;
			children = (
				3D6AFBDD1BBA792600F33FFF /* JSFileManager.h */,
				3D6AFBDE1BBA792600F33FFF /* JSFileManager.m */,
				3D6AFBDF1BBA792600F33FFF /* JSLocalURLCache.h */,
				3D6AFBE01BBA792600F33FFF /* JSLocalURLCache.m */,
				3D6AFBE11BBA792600F33FFF /* JSLocalURLCache.plist */,
				3D6AFBE21BBA792600F33FFF /* JSLocalURLCacheUtil.h */,
				3D6AFBE31BBA792600F33FFF /* JSLocalURLCacheUtil.m */,
			);
			name = JSLocalURLCache;
			path = ../../JSLocalURLCache;
			sourceTree = "<group>";
		};
		3F3DCE683C0C17AD36795EC1 /* Pods */ = {
			isa = PBXGroup;
			children = (
				ACAF4866B26B745E508C4683 /* Pods-JSLocalURLCacheDemo.debug.xcconfig */,
				ADED606B11A76A747A856797 /* Pods-JSLocalURLCacheDemo.release.xcconfig */,
			);
			name = Pods;
			sourceTree = "<group>";
		};
		A70DC36FE9A97912236F9DBA /* Frameworks */ = {
			isa = PBXGroup;
			children = (
				0903C1372BB775CD3FF02F82 /* libPods-JSLocalURLCacheDemo.a */,
			);
			name = Frameworks;
			sourceTree = "<group>";
		};
/* End PBXGroup section */

/* Begin PBXNativeTarget section */
		3D6AFBC11BBA78D000F33FFF /* JSLocalURLCacheDemo */ = {
			isa = PBXNativeTarget;
			buildConfigurationList = 3D6AFBD91BBA78D100F33FFF /* Build configuration list for PBXNativeTarget "JSLocalURLCacheDemo" */;
			buildPhases = (
				3FDE0A1921EA91FF3F3FE546 /* Check Pods Manifest.lock */,
				3D6AFBBE1BBA78D000F33FFF /* Sources */,
				3D6AFBBF1BBA78D000F33FFF /* Frameworks */,
				3D6AFBC01BBA78D000F33FFF /* Resources */,
				35562524977B3C543E288F8E /* Copy Pods Resources */,
			);
			buildRules = (
			);
			dependencies = (
			);
			name = JSLocalURLCacheDemo;
			productName = JSLocalURLCacheDemo;
			productReference = 3D6AFBC21BBA78D000F33FFF /* JSLocalURLCacheDemo.app */;
			productType = "com.apple.product-type.application";
		};
/* End PBXNativeTarget section */

/* Begin PBXProject section */
		3D6AFBBA1BBA78D000F33FFF /* Project object */ = {
			isa = PBXProject;
			attributes = {
				LastUpgradeCheck = 0700;
				ORGANIZATIONNAME = jason;
				TargetAttributes = {
					3D6AFBC11BBA78D000F33FFF = {
						CreatedOnToolsVersion = 7.0;
					};
				};
			};
			buildConfigurationList = 3D6AFBBD1BBA78D000F33FFF /* Build configuration list for PBXProject "JSLocalURLCacheDemo" */;
			compatibilityVersion = "Xcode 3.2";
			developmentRegion = English;
			hasScannedForEncodings = 0;
			knownRegions = (
				en,
				Base,
			);
			mainGroup = 3D6AFBB91BBA78D000F33FFF;
			productRefGroup = 3D6AFBC31BBA78D000F33FFF /* Products */;
			projectDirPath = "";
			projectRoot = "";
			targets = (
				3D6AFBC11BBA78D000F33FFF /* JSLocalURLCacheDemo */,
			);
		};
/* End PBXProject section */

/* Begin PBXResourcesBuildPhase section */
		3D6AFBC01BBA78D000F33FFF /* Resources */ = {
			isa = PBXResourcesBuildPhase;
			buildActionMask = 2147483647;
			files = (
				3D6AFBD51BBA78D000F33FFF /* LaunchScreen.storyboard in Resources */,
				3D6AFBD21BBA78D000F33FFF /* Assets.xcassets in Resources */,
				3D6AFBE61BBA792600F33FFF /* JSLocalURLCache.plist in Resources */,
				3D6AFBD01BBA78D000F33FFF /* Main.storyboard in Resources */,
			);
			runOnlyForDeploymentPostprocessing = 0;
		};
/* End PBXResourcesBuildPhase section */

/* Begin PBXShellScriptBuildPhase section */
		35562524977B3C543E288F8E /* Copy Pods Resources */ = {
			isa = PBXShellScriptBuildPhase;
			buildActionMask = 2147483647;
			files = (
			);
			inputPaths = (
			);
			name = "Copy Pods Resources";
			outputPaths = (
			);
			runOnlyForDeploymentPostprocessing = 0;
			shellPath = /bin/sh;
			shellScript = "\"${SRCROOT}/Pods/Target Support Files/Pods-JSLocalURLCacheDemo/Pods-JSLocalURLCacheDemo-resources.sh\"\n";
			showEnvVarsInLog = 0;
		};
		3FDE0A1921EA91FF3F3FE546 /* Check Pods Manifest.lock */ = {
			isa = PBXShellScriptBuildPhase;
			buildActionMask = 2147483647;
			files = (
			);
			inputPaths = (
			);
			name = "Check Pods Manifest.lock";
			outputPaths = (
			);
			runOnlyForDeploymentPostprocessing = 0;
			shellPath = /bin/sh;
			shellScript = "diff \"${PODS_ROOT}/../Podfile.lock\" \"${PODS_ROOT}/Manifest.lock\" > /dev/null\nif [[ $? != 0 ]] ; then\n    cat << EOM\nerror: The sandbox is not in sync with the Podfile.lock. Run 'pod install' or update your CocoaPods installation.\nEOM\n    exit 1\nfi\n";
			showEnvVarsInLog = 0;
		};
/* End PBXShellScriptBuildPhase section */

/* Begin PBXSourcesBuildPhase section */
		3D6AFBBE1BBA78D000F33FFF /* Sources */ = {
			isa = PBXSourcesBuildPhase;
			buildActionMask = 2147483647;
			files = (
				3D6AFBCD1BBA78D000F33FFF /* ViewController.m in Sources */,
				3D6AFBE71BBA792600F33FFF /* JSLocalURLCacheUtil.m in Sources */,
				3D6AFBCA1BBA78D000F33FFF /* AppDelegate.m in Sources */,
				3D6AFBE41BBA792600F33FFF /* JSFileManager.m in Sources */,
				3D6AFBE51BBA792600F33FFF /* JSLocalURLCache.m in Sources */,
				3D6AFBC71BBA78D000F33FFF /* main.m in Sources */,
			);
			runOnlyForDeploymentPostprocessing = 0;
		};
/* End PBXSourcesBuildPhase section */

/* Begin PBXVariantGroup section */
		3D6AFBCE1BBA78D000F33FFF /* Main.storyboard */ = {
			isa = PBXVariantGroup;
			children = (
				3D6AFBCF1BBA78D000F33FFF /* Base */,
			);
			name = Main.storyboard;
			sourceTree = "<group>";
		};
		3D6AFBD31BBA78D000F33FFF /* LaunchScreen.storyboard */ = {
			isa = PBXVariantGroup;
			children = (
				3D6AFBD41BBA78D000F33FFF /* Base */,
			);
			name = LaunchScreen.storyboard;
			sourceTree = "<group>";
		};
/* End PBXVariantGroup section */

/* Begin XCBuildConfiguration section */
		3D6AFBD71BBA78D100F33FFF /* Debug */ = {
			isa = XCBuildConfiguration;
			buildSettings = {
				ALWAYS_SEARCH_USER_PATHS = NO;
				CLANG_CXX_LANGUAGE_STANDARD = "gnu++0x";
				CLANG_CXX_LIBRARY = "libc++";
				CLANG_ENABLE_MODULES = YES;
				CLANG_ENABLE_OBJC_ARC = YES;
				CLANG_WARN_BOOL_CONVERSION = YES;
				CLANG_WARN_CONSTANT_CONVERSION = YES;
				CLANG_WARN_DIRECT_OBJC_ISA_USAGE = YES_ERROR;
				CLANG_WARN_EMPTY_BODY = YES;
				CLANG_WARN_ENUM_CONVERSION = YES;
				CLANG_WARN_INT_CONVERSION = YES;
				CLANG_WARN_OBJC_ROOT_CLASS = YES_ERROR;
				CLANG_WARN_UNREACHABLE_CODE = YES;
				CLANG_WARN__DUPLICATE_METHOD_MATCH = YES;
				"CODE_SIGN_IDENTITY[sdk=iphoneos*]" = "iPhone Developer";
				COPY_PHASE_STRIP = NO;
				DEBUG_INFORMATION_FORMAT = dwarf;
				ENABLE_STRICT_OBJC_MSGSEND = YES;
				ENABLE_TESTABILITY = YES;
				GCC_C_LANGUAGE_STANDARD = gnu99;
				GCC_DYNAMIC_NO_PIC = NO;
				GCC_NO_COMMON_BLOCKS = YES;
				GCC_OPTIMIZATION_LEVEL = 0;
				GCC_PREPROCESSOR_DEFINITIONS = (
					"DEBUG=1",
					"$(inherited)",
				);
				GCC_WARN_64_TO_32_BIT_CONVERSION = YES;
				GCC_WARN_ABOUT_RETURN_TYPE = YES_ERROR;
				GCC_WARN_UNDECLARED_SELECTOR = YES;
				GCC_WARN_UNINITIALIZED_AUTOS = YES_AGGRESSIVE;
				GCC_WARN_UNUSED_FUNCTION = YES;
				GCC_WARN_UNUSED_VARIABLE = YES;
				IPHONEOS_DEPLOYMENT_TARGET = 9.0;
				MTL_ENABLE_DEBUG_INFO = YES;
				ONLY_ACTIVE_ARCH = YES;
				SDKROOT = iphoneos;
				TARGETED_DEVICE_FAMILY = "1,2";
			};
			name = Debug;
		};
		3D6AFBD81BBA78D100F33FFF /* Release */ = {
			isa = XCBuildConfiguration;
			buildSettings = {
				ALWAYS_SEARCH_USER_PATHS = NO;
				CLANG_CXX_LANGUAGE_STANDARD = "gnu++0x";
				CLANG_CXX_LIBRARY = "libc++";
				CLANG_ENABLE_MODULES = YES;
				CLANG_ENABLE_OBJC_ARC = YES;
				CLANG_WARN_BOOL_CONVERSION = YES;
				CLANG_WARN_CONSTANT_CONVERSION = YES;
				CLANG_WARN_DIRECT_OBJC_ISA_USAGE = YES_ERROR;
				CLANG_WARN_EMPTY_BODY = YES;
				CLANG_WARN_ENUM_CONVERSION = YES;
				CLANG_WARN_INT_CONVERSION = YES;
				CLANG_WARN_OBJC_ROOT_CLASS = YES_ERROR;
				CLANG_WARN_UNREACHABLE_CODE = YES;
				CLANG_WARN__DUPLICATE_METHOD_MATCH = YES;
				"CODE_SIGN_IDENTITY[sdk=iphoneos*]" = "iPhone Developer";
				COPY_PHASE_STRIP = NO;
				DEBUG_INFORMATION_FORMAT = "dwarf-with-dsym";
				ENABLE_NS_ASSERTIONS = NO;
				ENABLE_STRICT_OBJC_MSGSEND = YES;
				GCC_C_LANGUAGE_STANDARD = gnu99;
				GCC_NO_COMMON_BLOCKS = YES;
				GCC_WARN_64_TO_32_BIT_CONVERSION = YES;
				GCC_WARN_ABOUT_RETURN_TYPE = YES_ERROR;
				GCC_WARN_UNDECLARED_SELECTOR = YES;
				GCC_WARN_UNINITIALIZED_AUTOS = YES_AGGRESSIVE;
				GCC_WARN_UNUSED_FUNCTION = YES;
				GCC_WARN_UNUSED_VARIABLE = YES;
				IPHONEOS_DEPLOYMENT_TARGET = 9.0;
				MTL_ENABLE_DEBUG_INFO = NO;
				SDKROOT = iphoneos;
				TARGETED_DEVICE_FAMILY = "1,2";
				VALIDATE_PRODUCT = YES;
			};
			name = Release;
		};
		3D6AFBDA1BBA78D100F33FFF /* Debug */ = {
			isa = XCBuildConfiguration;
			baseConfigurationReference = ACAF4866B26B745E508C4683 /* Pods-JSLocalURLCacheDemo.debug.xcconfig */;
			buildSettings = {
				ASSETCATALOG_COMPILER_APPICON_NAME = AppIcon;
				INFOPLIST_FILE = JSLocalURLCacheDemo/Info.plist;
				IPHONEOS_DEPLOYMENT_TARGET = 8.0;
				LD_RUNPATH_SEARCH_PATHS = "$(inherited) @executable_path/Frameworks";
				PRODUCT_BUNDLE_IDENTIFIER = jason.JSLocalURLCacheDemo;
				PRODUCT_NAME = "$(TARGET_NAME)";
			};
			name = Debug;
		};
		3D6AFBDB1BBA78D100F33FFF /* Release */ = {
			isa = XCBuildConfiguration;
			baseConfigurationReference = ADED606B11A76A747A856797 /* Pods-JSLocalURLCacheDemo.release.xcconfig */;
			buildSettings = {
				ASSETCATALOG_COMPILER_APPICON_NAME = AppIcon;
				INFOPLIST_FILE = JSLocalURLCacheDemo/Info.plist;
				IPHONEOS_DEPLOYMENT_TARGET = 8.0;
				LD_RUNPATH_SEARCH_PATHS = "$(inherited) @executable_path/Frameworks";
				PRODUCT_BUNDLE_IDENTIFIER = jason.JSLocalURLCacheDemo;
				PRODUCT_NAME = "$(TARGET_NAME)";
			};
			name = Release;
		};
/* End XCBuildConfiguration section */

/* Begin XCConfigurationList section */
		3D6AFBBD1BBA78D000F33FFF /* Build configuration list for PBXProject "JSLocalURLCacheDemo" */ = {
			isa = XCConfigurationList;
			buildConfigurations = (
				3D6AFBD71BBA78D100F33FFF /* Debug */,
				3D6AFBD81BBA78D100F33FFF /* Release */,
			);
			defaultConfigurationIsVisible = 0;
			defaultConfigurationName = Release;
		};
		3D6AFBD91BBA78D100F33FFF /* Build configuration list for PBXNativeTarget "JSLocalURLCacheDemo" */ = {
			isa = XCConfigurationList;
			buildConfigurations = (
				3D6AFBDA1BBA78D100F33FFF /* Debug */,
				3D6AFBDB1BBA78D100F33FFF /* Release */,
			);
			defaultConfigurationIsVisible = 0;
			defaultConfigurationName = Release;
		};
/* End XCConfigurationList section */
	};
	rootObject = 3D6AFBBA1BBA78D000F33FFF /* Project object */;
}
